// !$*UTF8*$!
{
	archiveVersion = 1;
	classes = {
	};
	objectVersion = 46;
	objects = {

/* Begin PBXBuildFile section */
		017B8526AEEF2303DB76D6A5 /* Pods_QuickScreenGrabUITests.framework in Frameworks */ = {isa = PBXBuildFile; fileRef = 6F9825A6B8DD3FEEEEA42EDE /* Pods_QuickScreenGrabUITests.framework */; settings = {ATTRIBUTES = (Weak, ); }; };
		1001F493DBB098A0A4607FE0 /* Pods_QuickScreenGrabTests.framework in Frameworks */ = {isa = PBXBuildFile; fileRef = 491398343EBCE1C08D0CD440 /* Pods_QuickScreenGrabTests.framework */; settings = {ATTRIBUTES = (Weak, ); }; };
		2CD3F2CBE3899E1579AA499E /* Pods_QuickScreenGrab.framework in Frameworks */ = {isa = PBXBuildFile; fileRef = 3EFFAA8B5986A0E0D5789F98 /* Pods_QuickScreenGrab.framework */; settings = {ATTRIBUTES = (Weak, ); }; };
		B30B279A1B7A8DC900358AE0 /* AppDelegate.swift in Sources */ = {isa = PBXBuildFile; fileRef = B30B27991B7A8DC900358AE0 /* AppDelegate.swift */; };
		B30B279E1B7A8DC900358AE0 /* Assets.xcassets in Resources */ = {isa = PBXBuildFile; fileRef = B30B279D1B7A8DC900358AE0 /* Assets.xcassets */; };
		B30B27AC1B7A8DCA00358AE0 /* QuickScreenGrabTests.swift in Sources */ = {isa = PBXBuildFile; fileRef = B30B27AB1B7A8DCA00358AE0 /* QuickScreenGrabTests.swift */; };
		B30B27B71B7A8DCA00358AE0 /* QuickScreenGrabUITests.swift in Sources */ = {isa = PBXBuildFile; fileRef = B30B27B61B7A8DCA00358AE0 /* QuickScreenGrabUITests.swift */; };
		B30B27C51B7AAF9E00358AE0 /* ScreenGrabManager.swift in Sources */ = {isa = PBXBuildFile; fileRef = B30B27C41B7AAF9E00358AE0 /* ScreenGrabManager.swift */; };
		B30B27C61B7AAF9E00358AE0 /* ScreenGrabManager.swift in Sources */ = {isa = PBXBuildFile; fileRef = B30B27C41B7AAF9E00358AE0 /* ScreenGrabManager.swift */; };
		B30B27C71B7AAF9E00358AE0 /* ScreenGrabManager.swift in Sources */ = {isa = PBXBuildFile; fileRef = B30B27C41B7AAF9E00358AE0 /* ScreenGrabManager.swift */; };
		B30B27C91B7AB03700358AE0 /* MainMenu.xib in Resources */ = {isa = PBXBuildFile; fileRef = B30B27C81B7AB03700358AE0 /* MainMenu.xib */; };
		B30B27CA1B7AB03700358AE0 /* MainMenu.xib in Resources */ = {isa = PBXBuildFile; fileRef = B30B27C81B7AB03700358AE0 /* MainMenu.xib */; };
		B30B27CB1B7AB03700358AE0 /* MainMenu.xib in Resources */ = {isa = PBXBuildFile; fileRef = B30B27C81B7AB03700358AE0 /* MainMenu.xib */; };
/* End PBXBuildFile section */

/* Begin PBXContainerItemProxy section */
		B30B27A81B7A8DCA00358AE0 /* PBXContainerItemProxy */ = {
			isa = PBXContainerItemProxy;
			containerPortal = B30B278E1B7A8DC900358AE0 /* Project object */;
			proxyType = 1;
			remoteGlobalIDString = B30B27951B7A8DC900358AE0;
			remoteInfo = QuickScreenGrab;
		};
		B30B27B31B7A8DCA00358AE0 /* PBXContainerItemProxy */ = {
			isa = PBXContainerItemProxy;
			containerPortal = B30B278E1B7A8DC900358AE0 /* Project object */;
			proxyType = 1;
			remoteGlobalIDString = B30B27951B7A8DC900358AE0;
			remoteInfo = QuickScreenGrab;
		};
/* End PBXContainerItemProxy section */

/* Begin PBXFileReference section */
		3EFFAA8B5986A0E0D5789F98 /* Pods_QuickScreenGrab.framework */ = {isa = PBXFileReference; explicitFileType = wrapper.framework; includeInIndex = 0; path = Pods_QuickScreenGrab.framework; sourceTree = BUILT_PRODUCTS_DIR; };
		491398343EBCE1C08D0CD440 /* Pods_QuickScreenGrabTests.framework */ = {isa = PBXFileReference; explicitFileType = wrapper.framework; includeInIndex = 0; path = Pods_QuickScreenGrabTests.framework; sourceTree = BUILT_PRODUCTS_DIR; };
		53F6805003726BD90CD35786 /* Pods-QuickScreenGrabUITests.debug.xcconfig */ = {isa = PBXFileReference; includeInIndex = 1; lastKnownFileType = text.xcconfig; name = "Pods-QuickScreenGrabUITests.debug.xcconfig"; path = "Pods/Target Support Files/Pods-QuickScreenGrabUITests/Pods-QuickScreenGrabUITests.debug.xcconfig"; sourceTree = "<group>"; };
		6F9825A6B8DD3FEEEEA42EDE /* Pods_QuickScreenGrabUITests.framework */ = {isa = PBXFileReference; explicitFileType = wrapper.framework; includeInIndex = 0; path = Pods_QuickScreenGrabUITests.framework; sourceTree = BUILT_PRODUCTS_DIR; };
		8159A6B64D893D2E03C689B6 /* Pods-QuickScreenGrab.release.xcconfig */ = {isa = PBXFileReference; includeInIndex = 1; lastKnownFileType = text.xcconfig; name = "Pods-QuickScreenGrab.release.xcconfig"; path = "Pods/Target Support Files/Pods-QuickScreenGrab/Pods-QuickScreenGrab.release.xcconfig"; sourceTree = "<group>"; };
		9522F8073FA94AFC16D11F02 /* Pods.framework */ = {isa = PBXFileReference; explicitFileType = wrapper.framework; includeInIndex = 0; path = Pods.framework; sourceTree = BUILT_PRODUCTS_DIR; };
		9E5C03BC77A5129CC26B19CC /* Pods-QuickScreenGrabUITests.release.xcconfig */ = {isa = PBXFileReference; includeInIndex = 1; lastKnownFileType = text.xcconfig; name = "Pods-QuickScreenGrabUITests.release.xcconfig"; path = "Pods/Target Support Files/Pods-QuickScreenGrabUITests/Pods-QuickScreenGrabUITests.release.xcconfig"; sourceTree = "<group>"; };
		B30B27961B7A8DC900358AE0 /* QuickScreenGrab.app */ = {isa = PBXFileReference; explicitFileType = wrapper.application; includeInIndex = 0; path = QuickScreenGrab.app; sourceTree = BUILT_PRODUCTS_DIR; };
		B30B27991B7A8DC900358AE0 /* AppDelegate.swift */ = {isa = PBXFileReference; lastKnownFileType = sourcecode.swift; path = AppDelegate.swift; sourceTree = "<group>"; };
		B30B279D1B7A8DC900358AE0 /* Assets.xcassets */ = {isa = PBXFileReference; lastKnownFileType = folder.assetcatalog; path = Assets.xcassets; sourceTree = "<group>"; };
		B30B27A21B7A8DC900358AE0 /* Info.plist */ = {isa = PBXFileReference; lastKnownFileType = text.plist.xml; path = Info.plist; sourceTree = "<group>"; };
		B30B27A71B7A8DCA00358AE0 /* QuickScreenGrabTests.xctest */ = {isa = PBXFileReference; explicitFileType = wrapper.cfbundle; includeInIndex = 0; path = QuickScreenGrabTests.xctest; sourceTree = BUILT_PRODUCTS_DIR; };
		B30B27AB1B7A8DCA00358AE0 /* QuickScreenGrabTests.swift */ = {isa = PBXFileReference; lastKnownFileType = sourcecode.swift; path = QuickScreenGrabTests.swift; sourceTree = "<group>"; };
		B30B27AD1B7A8DCA00358AE0 /* Info.plist */ = {isa = PBXFileReference; lastKnownFileType = text.plist.xml; path = Info.plist; sourceTree = "<group>"; };
		B30B27B21B7A8DCA00358AE0 /* QuickScreenGrabUITests.xctest */ = {isa = PBXFileReference; explicitFileType = wrapper.cfbundle; includeInIndex = 0; path = QuickScreenGrabUITests.xctest; sourceTree = BUILT_PRODUCTS_DIR; };
		B30B27B61B7A8DCA00358AE0 /* QuickScreenGrabUITests.swift */ = {isa = PBXFileReference; lastKnownFileType = sourcecode.swift; path = QuickScreenGrabUITests.swift; sourceTree = "<group>"; };
		B30B27B81B7A8DCA00358AE0 /* Info.plist */ = {isa = PBXFileReference; lastKnownFileType = text.plist.xml; path = Info.plist; sourceTree = "<group>"; };
		B30B27C41B7AAF9E00358AE0 /* ScreenGrabManager.swift */ = {isa = PBXFileReference; fileEncoding = 4; lastKnownFileType = sourcecode.swift; path = ScreenGrabManager.swift; sourceTree = "<group>"; };
		B30B27C81B7AB03700358AE0 /* MainMenu.xib */ = {isa = PBXFileReference; fileEncoding = 4; lastKnownFileType = file.xib; path = MainMenu.xib; sourceTree = "<group>"; };
		B30D5E9E1B7AF1FA0077A117 /* QuickScreenGrab_Bridging_Header.h */ = {isa = PBXFileReference; fileEncoding = 4; lastKnownFileType = sourcecode.c.h; path = QuickScreenGrab_Bridging_Header.h; sourceTree = "<group>"; };
		D61E3C5CBAED66D7D408D4FD /* Pods-QuickScreenGrabTests.release.xcconfig */ = {isa = PBXFileReference; includeInIndex = 1; lastKnownFileType = text.xcconfig; name = "Pods-QuickScreenGrabTests.release.xcconfig"; path = "Pods/Target Support Files/Pods-QuickScreenGrabTests/Pods-QuickScreenGrabTests.release.xcconfig"; sourceTree = "<group>"; };
		D95882E03C2277FA40652D1C /* Pods-QuickScreenGrabTests.debug.xcconfig */ = {isa = PBXFileReference; includeInIndex = 1; lastKnownFileType = text.xcconfig; name = "Pods-QuickScreenGrabTests.debug.xcconfig"; path = "Pods/Target Support Files/Pods-QuickScreenGrabTests/Pods-QuickScreenGrabTests.debug.xcconfig"; sourceTree = "<group>"; };
		E9392F617F0614A778BB8B12 /* Pods-QuickScreenGrab.debug.xcconfig */ = {isa = PBXFileReference; includeInIndex = 1; lastKnownFileType = text.xcconfig; name = "Pods-QuickScreenGrab.debug.xcconfig"; path = "Pods/Target Support Files/Pods-QuickScreenGrab/Pods-QuickScreenGrab.debug.xcconfig"; sourceTree = "<group>"; };
/* End PBXFileReference section */

/* Begin PBXFrameworksBuildPhase section */
		B30B27931B7A8DC900358AE0 /* Frameworks */ = {
			isa = PBXFrameworksBuildPhase;
			buildActionMask = 2147483647;
			files = (
				2CD3F2CBE3899E1579AA499E /* Pods_QuickScreenGrab.framework in Frameworks */,
			);
			runOnlyForDeploymentPostprocessing = 0;
		};
		B30B27A41B7A8DCA00358AE0 /* Frameworks */ = {
			isa = PBXFrameworksBuildPhase;
			buildActionMask = 2147483647;
			files = (
				1001F493DBB098A0A4607FE0 /* Pods_QuickScreenGrabTests.framework in Frameworks */,
			);
			runOnlyForDeploymentPostprocessing = 0;
		};
		B30B27AF1B7A8DCA00358AE0 /* Frameworks */ = {
			isa = PBXFrameworksBuildPhase;
			buildActionMask = 2147483647;
			files = (
				017B8526AEEF2303DB76D6A5 /* Pods_QuickScreenGrabUITests.framework in Frameworks */,
			);
			runOnlyForDeploymentPostprocessing = 0;
		};
/* End PBXFrameworksBuildPhase section */

/* Begin PBXGroup section */
		3B8A63724F558217D0A2EB32 /* Pods */ = {
			isa = PBXGroup;
			children = (
				E9392F617F0614A778BB8B12 /* Pods-QuickScreenGrab.debug.xcconfig */,
				8159A6B64D893D2E03C689B6 /* Pods-QuickScreenGrab.release.xcconfig */,
				D95882E03C2277FA40652D1C /* Pods-QuickScreenGrabTests.debug.xcconfig */,
				D61E3C5CBAED66D7D408D4FD /* Pods-QuickScreenGrabTests.release.xcconfig */,
				53F6805003726BD90CD35786 /* Pods-QuickScreenGrabUITests.debug.xcconfig */,
				9E5C03BC77A5129CC26B19CC /* Pods-QuickScreenGrabUITests.release.xcconfig */,
			);
			name = Pods;
			sourceTree = "<group>";
		};
		B30B278D1B7A8DC900358AE0 = {
			isa = PBXGroup;
			children = (
				B30B27981B7A8DC900358AE0 /* QuickScreenGrab */,
				B30B27AA1B7A8DCA00358AE0 /* QuickScreenGrabTests */,
				B30B27B51B7A8DCA00358AE0 /* QuickScreenGrabUITests */,
				B30B27971B7A8DC900358AE0 /* Products */,
				3B8A63724F558217D0A2EB32 /* Pods */,
				B393F9BEC906707F976C0387 /* Frameworks */,
			);
			sourceTree = "<group>";
		};
		B30B27971B7A8DC900358AE0 /* Products */ = {
			isa = PBXGroup;
			children = (
				B30B27961B7A8DC900358AE0 /* QuickScreenGrab.app */,
				B30B27A71B7A8DCA00358AE0 /* QuickScreenGrabTests.xctest */,
				B30B27B21B7A8DCA00358AE0 /* QuickScreenGrabUITests.xctest */,
			);
			name = Products;
			sourceTree = "<group>";
		};
		B30B27981B7A8DC900358AE0 /* QuickScreenGrab */ = {
			isa = PBXGroup;
			children = (
				B30D5E9E1B7AF1FA0077A117 /* QuickScreenGrab_Bridging_Header.h */,
				B30B27991B7A8DC900358AE0 /* AppDelegate.swift */,
				B30B27C41B7AAF9E00358AE0 /* ScreenGrabManager.swift */,
				B30B279D1B7A8DC900358AE0 /* Assets.xcassets */,
				B30B27A21B7A8DC900358AE0 /* Info.plist */,
				B30B27C81B7AB03700358AE0 /* MainMenu.xib */,
			);
			path = QuickScreenGrab;
			sourceTree = "<group>";
		};
		B30B27AA1B7A8DCA00358AE0 /* QuickScreenGrabTests */ = {
			isa = PBXGroup;
			children = (
				B30B27AB1B7A8DCA00358AE0 /* QuickScreenGrabTests.swift */,
				B30B27AD1B7A8DCA00358AE0 /* Info.plist */,
			);
			path = QuickScreenGrabTests;
			sourceTree = "<group>";
		};
		B30B27B51B7A8DCA00358AE0 /* QuickScreenGrabUITests */ = {
			isa = PBXGroup;
			children = (
				B30B27B61B7A8DCA00358AE0 /* QuickScreenGrabUITests.swift */,
				B30B27B81B7A8DCA00358AE0 /* Info.plist */,
			);
			path = QuickScreenGrabUITests;
			sourceTree = "<group>";
		};
		B393F9BEC906707F976C0387 /* Frameworks */ = {
			isa = PBXGroup;
			children = (
				9522F8073FA94AFC16D11F02 /* Pods.framework */,
				3EFFAA8B5986A0E0D5789F98 /* Pods_QuickScreenGrab.framework */,
				491398343EBCE1C08D0CD440 /* Pods_QuickScreenGrabTests.framework */,
				6F9825A6B8DD3FEEEEA42EDE /* Pods_QuickScreenGrabUITests.framework */,
			);
			name = Frameworks;
			sourceTree = "<group>";
		};
/* End PBXGroup section */

/* Begin PBXNativeTarget section */
		B30B27951B7A8DC900358AE0 /* QuickScreenGrab */ = {
			isa = PBXNativeTarget;
			buildConfigurationList = B30B27BB1B7A8DCA00358AE0 /* Build configuration list for PBXNativeTarget "QuickScreenGrab" */;
			buildPhases = (
				648CA8F86EC66458B9E02103 /* Check Pods Manifest.lock */,
				B30B27921B7A8DC900358AE0 /* Sources */,
				B30B27931B7A8DC900358AE0 /* Frameworks */,
				B30B27941B7A8DC900358AE0 /* Resources */,
				710B31FCB5A39A8745E310E9 /* Copy Pods Resources */,
				9D6F98142D55DB56AF610747 /* Embed Pods Frameworks */,
			);
			buildRules = (
			);
			dependencies = (
			);
			name = QuickScreenGrab;
			productName = QuickScreenGrab;
			productReference = B30B27961B7A8DC900358AE0 /* QuickScreenGrab.app */;
			productType = "com.apple.product-type.application";
		};
		B30B27A61B7A8DCA00358AE0 /* QuickScreenGrabTests */ = {
			isa = PBXNativeTarget;
			buildConfigurationList = B30B27BE1B7A8DCA00358AE0 /* Build configuration list for PBXNativeTarget "QuickScreenGrabTests" */;
			buildPhases = (
				CC9FD5809EEB208FEB61F3C7 /* Check Pods Manifest.lock */,
				B30B27A31B7A8DCA00358AE0 /* Sources */,
				B30B27A41B7A8DCA00358AE0 /* Frameworks */,
				B30B27A51B7A8DCA00358AE0 /* Resources */,
				8BD7E7C4E812E3047231200D /* Copy Pods Resources */,
				6D884DCBD49DE6C15B66A6C2 /* Embed Pods Frameworks */,
			);
			buildRules = (
			);
			dependencies = (
				B30B27A91B7A8DCA00358AE0 /* PBXTargetDependency */,
			);
			name = QuickScreenGrabTests;
			productName = QuickScreenGrabTests;
			productReference = B30B27A71B7A8DCA00358AE0 /* QuickScreenGrabTests.xctest */;
			productType = "com.apple.product-type.bundle.unit-test";
		};
		B30B27B11B7A8DCA00358AE0 /* QuickScreenGrabUITests */ = {
			isa = PBXNativeTarget;
			buildConfigurationList = B30B27C11B7A8DCA00358AE0 /* Build configuration list for PBXNativeTarget "QuickScreenGrabUITests" */;
			buildPhases = (
				F16BAEA655EB60A5DD970E73 /* Check Pods Manifest.lock */,
				B30B27AE1B7A8DCA00358AE0 /* Sources */,
				B30B27AF1B7A8DCA00358AE0 /* Frameworks */,
				B30B27B01B7A8DCA00358AE0 /* Resources */,
				3E7985D41505216870BA9D3C /* Copy Pods Resources */,
			);
			buildRules = (
			);
			dependencies = (
				B30B27B41B7A8DCA00358AE0 /* PBXTargetDependency */,
			);
			name = QuickScreenGrabUITests;
			productName = QuickScreenGrabUITests;
			productReference = B30B27B21B7A8DCA00358AE0 /* QuickScreenGrabUITests.xctest */;
			productType = "com.apple.product-type.bundle.ui-testing";
		};
/* End PBXNativeTarget section */

/* Begin PBXProject section */
		B30B278E1B7A8DC900358AE0 /* Project object */ = {
			isa = PBXProject;
			attributes = {
				LastUpgradeCheck = 0700;
				ORGANIZATIONNAME = "Double Bit Studios";
				TargetAttributes = {
					B30B27951B7A8DC900358AE0 = {
						CreatedOnToolsVersion = 7.0;
						DevelopmentTeam = 4YRXRE863E;
					};
					B30B27A61B7A8DCA00358AE0 = {
						CreatedOnToolsVersion = 7.0;
						TestTargetID = B30B27951B7A8DC900358AE0;
					};
					B30B27B11B7A8DCA00358AE0 = {
						CreatedOnToolsVersion = 7.0;
						TestTargetID = B30B27951B7A8DC900358AE0;
					};
				};
			};
			buildConfigurationList = B30B27911B7A8DC900358AE0 /* Build configuration list for PBXProject "QuickScreenGrab" */;
			compatibilityVersion = "Xcode 3.2";
			developmentRegion = English;
			hasScannedForEncodings = 0;
			knownRegions = (
				en,
				Base,
			);
			mainGroup = B30B278D1B7A8DC900358AE0;
			productRefGroup = B30B27971B7A8DC900358AE0 /* Products */;
			projectDirPath = "";
			projectRoot = "";
			targets = (
				B30B27951B7A8DC900358AE0 /* QuickScreenGrab */,
				B30B27A61B7A8DCA00358AE0 /* QuickScreenGrabTests */,
				B30B27B11B7A8DCA00358AE0 /* QuickScreenGrabUITests */,
			);
		};
/* End PBXProject section */

/* Begin PBXResourcesBuildPhase section */
		B30B27941B7A8DC900358AE0 /* Resources */ = {
			isa = PBXResourcesBuildPhase;
			buildActionMask = 2147483647;
			files = (
				B30B279E1B7A8DC900358AE0 /* Assets.xcassets in Resources */,
				B30B27C91B7AB03700358AE0 /* MainMenu.xib in Resources */,
			);
			runOnlyForDeploymentPostprocessing = 0;
		};
		B30B27A51B7A8DCA00358AE0 /* Resources */ = {
			isa = PBXResourcesBuildPhase;
			buildActionMask = 2147483647;
			files = (
				B30B27CA1B7AB03700358AE0 /* MainMenu.xib in Resources */,
			);
			runOnlyForDeploymentPostprocessing = 0;
		};
		B30B27B01B7A8DCA00358AE0 /* Resources */ = {
			isa = PBXResourcesBuildPhase;
			buildActionMask = 2147483647;
			files = (
				B30B27CB1B7AB03700358AE0 /* MainMenu.xib in Resources */,
			);
			runOnlyForDeploymentPostprocessing = 0;
		};
/* End PBXResourcesBuildPhase section */

/* Begin PBXShellScriptBuildPhase section */
		3E7985D41505216870BA9D3C /* Copy Pods Resources */ = {
			isa = PBXShellScriptBuildPhase;
			buildActionMask = 2147483647;
			files = (
			);
			inputPaths = (
			);
			name = "Copy Pods Resources";
			outputPaths = (
			);
			runOnlyForDeploymentPostprocessing = 0;
			shellPath = /bin/sh;
			shellScript = "\"${SRCROOT}/Pods/Target Support Files/Pods-QuickScreenGrabUITests/Pods-QuickScreenGrabUITests-resources.sh\"\n";
			showEnvVarsInLog = 0;
		};
		648CA8F86EC66458B9E02103 /* Check Pods Manifest.lock */ = {
			isa = PBXShellScriptBuildPhase;
			buildActionMask = 2147483647;
			files = (
			);
			inputPaths = (
			);
			name = "Check Pods Manifest.lock";
			outputPaths = (
			);
			runOnlyForDeploymentPostprocessing = 0;
			shellPath = /bin/sh;
			shellScript = "diff \"${PODS_ROOT}/../Podfile.lock\" \"${PODS_ROOT}/Manifest.lock\" > /dev/null\nif [[ $? != 0 ]] ; then\n    cat << EOM\nerror: The sandbox is not in sync with the Podfile.lock. Run 'pod install' or update your CocoaPods installation.\nEOM\n    exit 1\nfi\n";
			showEnvVarsInLog = 0;
		};
		6D884DCBD49DE6C15B66A6C2 /* Embed Pods Frameworks */ = {
			isa = PBXShellScriptBuildPhase;
			buildActionMask = 2147483647;
			files = (
			);
			inputPaths = (
			);
			name = "Embed Pods Frameworks";
			outputPaths = (
			);
			runOnlyForDeploymentPostprocessing = 0;
			shellPath = /bin/sh;
			shellScript = "\"${SRCROOT}/Pods/Target Support Files/Pods-QuickScreenGrabTests/Pods-QuickScreenGrabTests-frameworks.sh\"\n";
			showEnvVarsInLog = 0;
		};
		710B31FCB5A39A8745E310E9 /* Copy Pods Resources */ = {
			isa = PBXShellScriptBuildPhase;
			buildActionMask = 2147483647;
			files = (
			);
			inputPaths = (
			);
			name = "Copy Pods Resources";
			outputPaths = (
			);
			runOnlyForDeploymentPostprocessing = 0;
			shellPath = /bin/sh;
			shellScript = "\"${SRCROOT}/Pods/Target Support Files/Pods-QuickScreenGrab/Pods-QuickScreenGrab-resources.sh\"\n";
			showEnvVarsInLog = 0;
		};
		8BD7E7C4E812E3047231200D /* Copy Pods Resources */ = {
			isa = PBXShellScriptBuildPhase;
			buildActionMask = 2147483647;
			files = (
			);
			inputPaths = (
			);
			name = "Copy Pods Resources";
			outputPaths = (
			);
			runOnlyForDeploymentPostprocessing = 0;
			shellPath = /bin/sh;
			shellScript = "\"${SRCROOT}/Pods/Target Support Files/Pods-QuickScreenGrabTests/Pods-QuickScreenGrabTests-resources.sh\"\n";
			showEnvVarsInLog = 0;
		};
		9D6F98142D55DB56AF610747 /* Embed Pods Frameworks */ = {
			isa = PBXShellScriptBuildPhase;
			buildActionMask = 2147483647;
			files = (
			);
			inputPaths = (
			);
			name = "Embed Pods Frameworks";
			outputPaths = (
			);
			runOnlyForDeploymentPostprocessing = 0;
			shellPath = /bin/sh;
			shellScript = "\"${SRCROOT}/Pods/Target Support Files/Pods-QuickScreenGrab/Pods-QuickScreenGrab-frameworks.sh\"\n";
			showEnvVarsInLog = 0;
		};
		CC9FD5809EEB208FEB61F3C7 /* Check Pods Manifest.lock */ = {
			isa = PBXShellScriptBuildPhase;
			buildActionMask = 2147483647;
			files = (
			);
			inputPaths = (
			);
			name = "Check Pods Manifest.lock";
			outputPaths = (
			);
			runOnlyForDeploymentPostprocessing = 0;
			shellPath = /bin/sh;
			shellScript = "diff \"${PODS_ROOT}/../Podfile.lock\" \"${PODS_ROOT}/Manifest.lock\" > /dev/null\nif [[ $? != 0 ]] ; then\n    cat << EOM\nerror: The sandbox is not in sync with the Podfile.lock. Run 'pod install' or update your CocoaPods installation.\nEOM\n    exit 1\nfi\n";
			showEnvVarsInLog = 0;
		};
		F16BAEA655EB60A5DD970E73 /* Check Pods Manifest.lock */ = {
			isa = PBXShellScriptBuildPhase;
			buildActionMask = 2147483647;
			files = (
			);
			inputPaths = (
			);
			name = "Check Pods Manifest.lock";
			outputPaths = (
			);
			runOnlyForDeploymentPostprocessing = 0;
			shellPath = /bin/sh;
			shellScript = "diff \"${PODS_ROOT}/../Podfile.lock\" \"${PODS_ROOT}/Manifest.lock\" > /dev/null\nif [[ $? != 0 ]] ; then\n    cat << EOM\nerror: The sandbox is not in sync with the Podfile.lock. Run 'pod install' or update your CocoaPods installation.\nEOM\n    exit 1\nfi\n";
			showEnvVarsInLog = 0;
		};
/* End PBXShellScriptBuildPhase section */

/* Begin PBXSourcesBuildPhase section */
		B30B27921B7A8DC900358AE0 /* Sources */ = {
			isa = PBXSourcesBuildPhase;
			buildActionMask = 2147483647;
			files = (
				B30B279A1B7A8DC900358AE0 /* AppDelegate.swift in Sources */,
				B30B27C51B7AAF9E00358AE0 /* ScreenGrabManager.swift in Sources */,
			);
			runOnlyForDeploymentPostprocessing = 0;
		};
		B30B27A31B7A8DCA00358AE0 /* Sources */ = {
			isa = PBXSourcesBuildPhase;
			buildActionMask = 2147483647;
			files = (
				B30B27AC1B7A8DCA00358AE0 /* QuickScreenGrabTests.swift in Sources */,
				B30B27C61B7AAF9E00358AE0 /* ScreenGrabManager.swift in Sources */,
			);
			runOnlyForDeploymentPostprocessing = 0;
		};
		B30B27AE1B7A8DCA00358AE0 /* Sources */ = {
			isa = PBXSourcesBuildPhase;
			buildActionMask = 2147483647;
			files = (
				B30B27B71B7A8DCA00358AE0 /* QuickScreenGrabUITests.swift in Sources */,
				B30B27C71B7AAF9E00358AE0 /* ScreenGrabManager.swift in Sources */,
			);
			runOnlyForDeploymentPostprocessing = 0;
		};
/* End PBXSourcesBuildPhase section */

/* Begin PBXTargetDependency section */
		B30B27A91B7A8DCA00358AE0 /* PBXTargetDependency */ = {
			isa = PBXTargetDependency;
			target = B30B27951B7A8DC900358AE0 /* QuickScreenGrab */;
			targetProxy = B30B27A81B7A8DCA00358AE0 /* PBXContainerItemProxy */;
		};
		B30B27B41B7A8DCA00358AE0 /* PBXTargetDependency */ = {
			isa = PBXTargetDependency;
			target = B30B27951B7A8DC900358AE0 /* QuickScreenGrab */;
			targetProxy = B30B27B31B7A8DCA00358AE0 /* PBXContainerItemProxy */;
		};
/* End PBXTargetDependency section */

/* Begin XCBuildConfiguration section */
		B30B27B91B7A8DCA00358AE0 /* Debug */ = {
			isa = XCBuildConfiguration;
			buildSettings = {
				ALWAYS_SEARCH_USER_PATHS = NO;
				CLANG_CXX_LANGUAGE_STANDARD = "gnu++0x";
				CLANG_CXX_LIBRARY = "libc++";
				CLANG_ENABLE_MODULES = YES;
				CLANG_ENABLE_OBJC_ARC = YES;
				CLANG_WARN_BOOL_CONVERSION = YES;
				CLANG_WARN_CONSTANT_CONVERSION = YES;
				CLANG_WARN_DIRECT_OBJC_ISA_USAGE = YES_ERROR;
				CLANG_WARN_EMPTY_BODY = YES;
				CLANG_WARN_ENUM_CONVERSION = YES;
				CLANG_WARN_INT_CONVERSION = YES;
				CLANG_WARN_OBJC_ROOT_CLASS = YES_ERROR;
				CLANG_WARN_UNREACHABLE_CODE = YES;
				CLANG_WARN__DUPLICATE_METHOD_MATCH = YES;
				CODE_SIGN_IDENTITY = "-";
				COPY_PHASE_STRIP = NO;
				DEBUG_INFORMATION_FORMAT = dwarf;
				ENABLE_STRICT_OBJC_MSGSEND = YES;
				ENABLE_TESTABILITY = YES;
				GCC_C_LANGUAGE_STANDARD = gnu99;
				GCC_DYNAMIC_NO_PIC = NO;
				GCC_NO_COMMON_BLOCKS = YES;
				GCC_OPTIMIZATION_LEVEL = 0;
				GCC_PREPROCESSOR_DEFINITIONS = (
					"DEBUG=1",
					"$(inherited)",
				);
				GCC_WARN_64_TO_32_BIT_CONVERSION = YES;
				GCC_WARN_ABOUT_RETURN_TYPE = YES_ERROR;
				GCC_WARN_UNDECLARED_SELECTOR = YES;
				GCC_WARN_UNINITIALIZED_AUTOS = YES_AGGRESSIVE;
				GCC_WARN_UNUSED_FUNCTION = YES;
				GCC_WARN_UNUSED_VARIABLE = YES;
				MACOSX_DEPLOYMENT_TARGET = 10.11;
				MTL_ENABLE_DEBUG_INFO = YES;
				ONLY_ACTIVE_ARCH = YES;
				SDKROOT = macosx;
				SWIFT_OPTIMIZATION_LEVEL = "-Onone";
			};
			name = Debug;
		};
		B30B27BA1B7A8DCA00358AE0 /* Release */ = {
			isa = XCBuildConfiguration;
			buildSettings = {
				ALWAYS_SEARCH_USER_PATHS = NO;
				CLANG_CXX_LANGUAGE_STANDARD = "gnu++0x";
				CLANG_CXX_LIBRARY = "libc++";
				CLANG_ENABLE_MODULES = YES;
				CLANG_ENABLE_OBJC_ARC = YES;
				CLANG_WARN_BOOL_CONVERSION = YES;
				CLANG_WARN_CONSTANT_CONVERSION = YES;
				CLANG_WARN_DIRECT_OBJC_ISA_USAGE = YES_ERROR;
				CLANG_WARN_EMPTY_BODY = YES;
				CLANG_WARN_ENUM_CONVERSION = YES;
				CLANG_WARN_INT_CONVERSION = YES;
				CLANG_WARN_OBJC_ROOT_CLASS = YES_ERROR;
				CLANG_WARN_UNREACHABLE_CODE = YES;
				CLANG_WARN__DUPLICATE_METHOD_MATCH = YES;
				CODE_SIGN_IDENTITY = "-";
				COPY_PHASE_STRIP = NO;
				DEBUG_INFORMATION_FORMAT = "dwarf-with-dsym";
				ENABLE_NS_ASSERTIONS = NO;
				ENABLE_STRICT_OBJC_MSGSEND = YES;
				GCC_C_LANGUAGE_STANDARD = gnu99;
				GCC_NO_COMMON_BLOCKS = YES;
				GCC_WARN_64_TO_32_BIT_CONVERSION = YES;
				GCC_WARN_ABOUT_RETURN_TYPE = YES_ERROR;
				GCC_WARN_UNDECLARED_SELECTOR = YES;
				GCC_WARN_UNINITIALIZED_AUTOS = YES_AGGRESSIVE;
				GCC_WARN_UNUSED_FUNCTION = YES;
				GCC_WARN_UNUSED_VARIABLE = YES;
				MACOSX_DEPLOYMENT_TARGET = 10.11;
				MTL_ENABLE_DEBUG_INFO = NO;
				SDKROOT = macosx;
			};
			name = Release;
		};
		B30B27BC1B7A8DCA00358AE0 /* Debug */ = {
			isa = XCBuildConfiguration;
			baseConfigurationReference = E9392F617F0614A778BB8B12 /* Pods-QuickScreenGrab.debug.xcconfig */;
			buildSettings = {
				ALWAYS_SEARCH_USER_PATHS = YES;
				ASSETCATALOG_COMPILER_APPICON_NAME = AppIcon;
				CODE_SIGN_IDENTITY = "Developer ID Application";
				COMBINE_HIDPI_IMAGES = YES;
				INFOPLIST_FILE = QuickScreenGrab/Info.plist;
				LD_RUNPATH_SEARCH_PATHS = "$(inherited) @executable_path/../Frameworks";
				PRODUCT_BUNDLE_IDENTIFIER = com.doublebit.QuickScreenGrab;
				PRODUCT_NAME = "$(TARGET_NAME)";
				SWIFT_OBJC_BRIDGING_HEADER = QuickScreenGrab/QuickScreenGrab_Bridging_Header.h;
				USER_HEADER_SEARCH_PATHS = "Pods/**";
			};
			name = Debug;
		};
		B30B27BD1B7A8DCA00358AE0 /* Release */ = {
			isa = XCBuildConfiguration;
			baseConfigurationReference = 8159A6B64D893D2E03C689B6 /* Pods-QuickScreenGrab.release.xcconfig */;
			buildSettings = {
				ALWAYS_SEARCH_USER_PATHS = YES;
				ASSETCATALOG_COMPILER_APPICON_NAME = AppIcon;
				CODE_SIGN_IDENTITY = "Developer ID Application";
				COMBINE_HIDPI_IMAGES = YES;
				INFOPLIST_FILE = QuickScreenGrab/Info.plist;
				LD_RUNPATH_SEARCH_PATHS = "$(inherited) @executable_path/../Frameworks";
				PRODUCT_BUNDLE_IDENTIFIER = com.doublebit.QuickScreenGrab;
				PRODUCT_NAME = "$(TARGET_NAME)";
				SWIFT_OBJC_BRIDGING_HEADER = QuickScreenGrab/QuickScreenGrab_Bridging_Header.h;
				USER_HEADER_SEARCH_PATHS = "Pods/**";
			};
			name = Release;
		};
		B30B27BF1B7A8DCA00358AE0 /* Debug */ = {
			isa = XCBuildConfiguration;
			baseConfigurationReference = D95882E03C2277FA40652D1C /* Pods-QuickScreenGrabTests.debug.xcconfig */;
			buildSettings = {
				BUNDLE_LOADER = "$(TEST_HOST)";
				COMBINE_HIDPI_IMAGES = YES;
				INFOPLIST_FILE = QuickScreenGrabTests/Info.plist;
				LD_RUNPATH_SEARCH_PATHS = "$(inherited) @executable_path/../Frameworks @loader_path/../Frameworks";
				PRODUCT_BUNDLE_IDENTIFIER = com.doublebit.QuickScreenGrabTests;
				PRODUCT_NAME = "$(TARGET_NAME)";
				TEST_HOST = "$(BUILT_PRODUCTS_DIR)/QuickScreenGrab.app/Contents/MacOS/QuickScreenGrab";
			};
			name = Debug;
		};
		B30B27C01B7A8DCA00358AE0 /* Release */ = {
			isa = XCBuildConfiguration;
			baseConfigurationReference = D61E3C5CBAED66D7D408D4FD /* Pods-QuickScreenGrabTests.release.xcconfig */;
			buildSettings = {
				BUNDLE_LOADER = "$(TEST_HOST)";
				COMBINE_HIDPI_IMAGES = YES;
				INFOPLIST_FILE = QuickScreenGrabTests/Info.plist;
				LD_RUNPATH_SEARCH_PATHS = "$(inherited) @executable_path/../Frameworks @loader_path/../Frameworks";
				PRODUCT_BUNDLE_IDENTIFIER = com.doublebit.QuickScreenGrabTests;
				PRODUCT_NAME = "$(TARGET_NAME)";
				TEST_HOST = "$(BUILT_PRODUCTS_DIR)/QuickScreenGrab.app/Contents/MacOS/QuickScreenGrab";
			};
			name = Release;
		};
		B30B27C21B7A8DCA00358AE0 /* Debug */ = {
			isa = XCBuildConfiguration;
			baseConfigurationReference = 53F6805003726BD90CD35786 /* Pods-QuickScreenGrabUITests.debug.xcconfig */;
			buildSettings = {
				COMBINE_HIDPI_IMAGES = YES;
				INFOPLIST_FILE = QuickScreenGrabUITests/Info.plist;
				LD_RUNPATH_SEARCH_PATHS = "$(inherited) @executable_path/../Frameworks @loader_path/../Frameworks";
				PRODUCT_BUNDLE_IDENTIFIER = com.doublebit.QuickScreenGrabUITests;
				PRODUCT_NAME = "$(TARGET_NAME)";
				TEST_TARGET_NAME = QuickScreenGrab;
				USES_XCTRUNNER = YES;
			};
			name = Debug;
		};
		B30B27C31B7A8DCA00358AE0 /* Release */ = {
			isa = XCBuildConfiguration;
			baseConfigurationReference = 9E5C03BC77A5129CC26B19CC /* Pods-QuickScreenGrabUITests.release.xcconfig */;
			buildSettings = {
				COMBINE_HIDPI_IMAGES = YES;
				INFOPLIST_FILE = QuickScreenGrabUITests/Info.plist;
				LD_RUNPATH_SEARCH_PATHS = "$(inherited) @executable_path/../Frameworks @loader_path/../Frameworks";
				PRODUCT_BUNDLE_IDENTIFIER = com.doublebit.QuickScreenGrabUITests;
				PRODUCT_NAME = "$(TARGET_NAME)";
				TEST_TARGET_NAME = QuickScreenGrab;
				USES_XCTRUNNER = YES;
			};
			name = Release;
		};
/* End XCBuildConfiguration section */

/* Begin XCConfigurationList section */
		B30B27911B7A8DC900358AE0 /* Build configuration list for PBXProject "QuickScreenGrab" */ = {
			isa = XCConfigurationList;
			buildConfigurations = (
				B30B27B91B7A8DCA00358AE0 /* Debug */,
				B30B27BA1B7A8DCA00358AE0 /* Release */,
			);
			defaultConfigurationIsVisible = 0;
			defaultConfigurationName = Release;
		};
		B30B27BB1B7A8DCA00358AE0 /* Build configuration list for PBXNativeTarget "QuickScreenGrab" */ = {
			isa = XCConfigurationList;
			buildConfigurations = (
				B30B27BC1B7A8DCA00358AE0 /* Debug */,
				B30B27BD1B7A8DCA00358AE0 /* Release */,
			);
			defaultConfigurationIsVisible = 0;
			defaultConfigurationName = Release;
		};
		B30B27BE1B7A8DCA00358AE0 /* Build configuration list for PBXNativeTarget "QuickScreenGrabTests" */ = {
			isa = XCConfigurationList;
			buildConfigurations = (
				B30B27BF1B7A8DCA00358AE0 /* Debug */,
				B30B27C01B7A8DCA00358AE0 /* Release */,
			);
			defaultConfigurationIsVisible = 0;
			defaultConfigurationName = Release;
		};
		B30B27C11B7A8DCA00358AE0 /* Build configuration list for PBXNativeTarget "QuickScreenGrabUITests" */ = {
			isa = XCConfigurationList;
			buildConfigurations = (
				B30B27C21B7A8DCA00358AE0 /* Debug */,
				B30B27C31B7A8DCA00358AE0 /* Release */,
			);
			defaultConfigurationIsVisible = 0;
			defaultConfigurationName = Release;
		};
/* End XCConfigurationList section */
	};
	rootObject = B30B278E1B7A8DC900358AE0 /* Project object */;
}
